// !$*UTF8*$!
{
	archiveVersion = 1;
	classes = {
	};
	objectVersion = 50;
	objects = {

/* Begin PBXBuildFile section */
		D104620D23097912002E593B /* AppDelegate.swift in Sources */ = {isa = PBXBuildFile; fileRef = D104620C23097912002E593B /* AppDelegate.swift */; };
		D104620F23097912002E593B /* ViewController.swift in Sources */ = {isa = PBXBuildFile; fileRef = D104620E23097912002E593B /* ViewController.swift */; };
		D104621223097912002E593B /* Main.storyboard in Resources */ = {isa = PBXBuildFile; fileRef = D104621023097912002E593B /* Main.storyboard */; };
		D104621423097914002E593B /* Assets.xcassets in Resources */ = {isa = PBXBuildFile; fileRef = D104621323097914002E593B /* Assets.xcassets */; };
		D104621723097914002E593B /* LaunchScreen.storyboard in Resources */ = {isa = PBXBuildFile; fileRef = D104621523097914002E593B /* LaunchScreen.storyboard */; };
		D104622223097914002E593B /* TwitterAPIAPPTests.swift in Sources */ = {isa = PBXBuildFile; fileRef = D104622123097914002E593B /* TwitterAPIAPPTests.swift */; };
		D104622D23097914002E593B /* TwitterAPIAPPUITests.swift in Sources */ = {isa = PBXBuildFile; fileRef = D104622C23097914002E593B /* TwitterAPIAPPUITests.swift */; };
/* End PBXBuildFile section */

/* Begin PBXContainerItemProxy section */
		D104621E23097914002E593B /* PBXContainerItemProxy */ = {
			isa = PBXContainerItemProxy;
			containerPortal = D104620123097912002E593B /* Project object */;
			proxyType = 1;
			remoteGlobalIDString = D104620823097912002E593B;
			remoteInfo = TwitterAPIAPP;
		};
		D104622923097914002E593B /* PBXContainerItemProxy */ = {
			isa = PBXContainerItemProxy;
			containerPortal = D104620123097912002E593B /* Project object */;
			proxyType = 1;
			remoteGlobalIDString = D104620823097912002E593B;
			remoteInfo = TwitterAPIAPP;
		};
/* End PBXContainerItemProxy section */

/* Begin PBXFileReference section */
		D104620923097912002E593B /* TwitterAPIAPP.app */ = {isa = PBXFileReference; explicitFileType = wrapper.application; includeInIndex = 0; path = TwitterAPIAPP.app; sourceTree = BUILT_PRODUCTS_DIR; };
		D104620C23097912002E593B /* AppDelegate.swift */ = {isa = PBXFileReference; lastKnownFileType = sourcecode.swift; path = AppDelegate.swift; sourceTree = "<group>"; };
		D104620E23097912002E593B /* ViewController.swift */ = {isa = PBXFileReference; lastKnownFileType = sourcecode.swift; path = ViewController.swift; sourceTree = "<group>"; };
		D104621123097912002E593B /* Base */ = {isa = PBXFileReference; lastKnownFileType = file.storyboard; name = Base; path = Base.lproj/Main.storyboard; sourceTree = "<group>"; };
		D104621323097914002E593B /* Assets.xcassets */ = {isa = PBXFileReference; lastKnownFileType = folder.assetcatalog; path = Assets.xcassets; sourceTree = "<group>"; };
		D104621623097914002E593B /* Base */ = {isa = PBXFileReference; lastKnownFileType = file.storyboard; name = Base; path = Base.lproj/LaunchScreen.storyboard; sourceTree = "<group>"; };
		D104621823097914002E593B /* Info.plist */ = {isa = PBXFileReference; lastKnownFileType = text.plist.xml; path = Info.plist; sourceTree = "<group>"; };
		D104621D23097914002E593B /* TwitterAPIAPPTests.xctest */ = {isa = PBXFileReference; explicitFileType = wrapper.cfbundle; includeInIndex = 0; path = TwitterAPIAPPTests.xctest; sourceTree = BUILT_PRODUCTS_DIR; };
		D104622123097914002E593B /* TwitterAPIAPPTests.swift */ = {isa = PBXFileReference; lastKnownFileType = sourcecode.swift; path = TwitterAPIAPPTests.swift; sourceTree = "<group>"; };
		D104622323097914002E593B /* Info.plist */ = {isa = PBXFileReference; lastKnownFileType = text.plist.xml; path = Info.plist; sourceTree = "<group>"; };
		D104622823097914002E593B /* TwitterAPIAPPUITests.xctest */ = {isa = PBXFileReference; explicitFileType = wrapper.cfbundle; includeInIndex = 0; path = TwitterAPIAPPUITests.xctest; sourceTree = BUILT_PRODUCTS_DIR; };
		D104622C23097914002E593B /* TwitterAPIAPPUITests.swift */ = {isa = PBXFileReference; lastKnownFileType = sourcecode.swift; path = TwitterAPIAPPUITests.swift; sourceTree = "<group>"; };
		D104622E23097914002E593B /* Info.plist */ = {isa = PBXFileReference; lastKnownFileType = text.plist.xml; path = Info.plist; sourceTree = "<group>"; };
/* End PBXFileReference section */

/* Begin PBXFrameworksBuildPhase section */
		D104620623097912002E593B /* Frameworks */ = {
			isa = PBXFrameworksBuildPhase;
			buildActionMask = 2147483647;
			files = (
			);
			runOnlyForDeploymentPostprocessing = 0;
		};
		D104621A23097914002E593B /* Frameworks */ = {
			isa = PBXFrameworksBuildPhase;
			buildActionMask = 2147483647;
			files = (
			);
			runOnlyForDeploymentPostprocessing = 0;
		};
		D104622523097914002E593B /* Frameworks */ = {
			isa = PBXFrameworksBuildPhase;
			buildActionMask = 2147483647;
			files = (
			);
			runOnlyForDeploymentPostprocessing = 0;
		};
/* End PBXFrameworksBuildPhase section */

/* Begin PBXGroup section */
		D104620023097912002E593B = {
			isa = PBXGroup;
			children = (
				D104620B23097912002E593B /* TwitterAPIAPP */,
				D104622023097914002E593B /* TwitterAPIAPPTests */,
				D104622B23097914002E593B /* TwitterAPIAPPUITests */,
				D104620A23097912002E593B /* Products */,
			);
			sourceTree = "<group>";
		};
		D104620A23097912002E593B /* Products */ = {
			isa = PBXGroup;
			children = (
				D104620923097912002E593B /* TwitterAPIAPP.app */,
				D104621D23097914002E593B /* TwitterAPIAPPTests.xctest */,
				D104622823097914002E593B /* TwitterAPIAPPUITests.xctest */,
			);
			name = Products;
			sourceTree = "<group>";
		};
		D104620B23097912002E593B /* TwitterAPIAPP */ = {
			isa = PBXGroup;
			children = (
				D104620C23097912002E593B /* AppDelegate.swift */,
				D104620E23097912002E593B /* ViewController.swift */,
				D104621023097912002E593B /* Main.storyboard */,
				D104621323097914002E593B /* Assets.xcassets */,
				D104621523097914002E593B /* LaunchScreen.storyboard */,
				D104621823097914002E593B /* Info.plist */,
			);
			path = TwitterAPIAPP;
			sourceTree = "<group>";
		};
		D104622023097914002E593B /* TwitterAPIAPPTests */ = {
			isa = PBXGroup;
			children = (
				D104622123097914002E593B /* TwitterAPIAPPTests.swift */,
				D104622323097914002E593B /* Info.plist */,
			);
			path = TwitterAPIAPPTests;
			sourceTree = "<group>";
		};
		D104622B23097914002E593B /* TwitterAPIAPPUITests */ = {
			isa = PBXGroup;
			children = (
				D104622C23097914002E593B /* TwitterAPIAPPUITests.swift */,
				D104622E23097914002E593B /* Info.plist */,
			);
			path = TwitterAPIAPPUITests;
			sourceTree = "<group>";
		};
/* End PBXGroup section */

/* Begin PBXNativeTarget section */
		D104620823097912002E593B /* TwitterAPIAPP */ = {
			isa = PBXNativeTarget;
			buildConfigurationList = D104623123097914002E593B /* Build configuration list for PBXNativeTarget "TwitterAPIAPP" */;
			buildPhases = (
				D104620523097912002E593B /* Sources */,
				D104620623097912002E593B /* Frameworks */,
				D104620723097912002E593B /* Resources */,
			);
			buildRules = (
			);
			dependencies = (
			);
			name = TwitterAPIAPP;
			productName = TwitterAPIAPP;
			productReference = D104620923097912002E593B /* TwitterAPIAPP.app */;
			productType = "com.apple.product-type.application";
		};
		D104621C23097914002E593B /* TwitterAPIAPPTests */ = {
			isa = PBXNativeTarget;
			buildConfigurationList = D104623423097914002E593B /* Build configuration list for PBXNativeTarget "TwitterAPIAPPTests" */;
			buildPhases = (
				D104621923097914002E593B /* Sources */,
				D104621A23097914002E593B /* Frameworks */,
				D104621B23097914002E593B /* Resources */,
			);
			buildRules = (
			);
			dependencies = (
				D104621F23097914002E593B /* PBXTargetDependency */,
			);
			name = TwitterAPIAPPTests;
			productName = TwitterAPIAPPTests;
			productReference = D104621D23097914002E593B /* TwitterAPIAPPTests.xctest */;
			productType = "com.apple.product-type.bundle.unit-test";
		};
		D104622723097914002E593B /* TwitterAPIAPPUITests */ = {
			isa = PBXNativeTarget;
			buildConfigurationList = D104623723097914002E593B /* Build configuration list for PBXNativeTarget "TwitterAPIAPPUITests" */;
			buildPhases = (
				D104622423097914002E593B /* Sources */,
				D104622523097914002E593B /* Frameworks */,
				D104622623097914002E593B /* Resources */,
			);
			buildRules = (
			);
			dependencies = (
				D104622A23097914002E593B /* PBXTargetDependency */,
			);
			name = TwitterAPIAPPUITests;
			productName = TwitterAPIAPPUITests;
			productReference = D104622823097914002E593B /* TwitterAPIAPPUITests.xctest */;
			productType = "com.apple.product-type.bundle.ui-testing";
		};
/* End PBXNativeTarget section */

/* Begin PBXProject section */
		D104620123097912002E593B /* Project object */ = {
			isa = PBXProject;
			attributes = {
				LastSwiftUpdateCheck = 1030;
				LastUpgradeCheck = 1030;
				ORGANIZATIONNAME = "Yushi Nakaya";
				TargetAttributes = {
					D104620823097912002E593B = {
						CreatedOnToolsVersion = 10.3;
					};
					D104621C23097914002E593B = {
						CreatedOnToolsVersion = 10.3;
						TestTargetID = D104620823097912002E593B;
					};
					D104622723097914002E593B = {
						CreatedOnToolsVersion = 10.3;
						TestTargetID = D104620823097912002E593B;
					};
				};
			};
			buildConfigurationList = D104620423097912002E593B /* Build configuration list for PBXProject "TwitterAPIAPP" */;
			compatibilityVersion = "Xcode 9.3";
			developmentRegion = en;
			hasScannedForEncodings = 0;
			knownRegions = (
				en,
				Base,
			);
			mainGroup = D104620023097912002E593B;
			productRefGroup = D104620A23097912002E593B /* Products */;
			projectDirPath = "";
			projectRoot = "";
			targets = (
				D104620823097912002E593B /* TwitterAPIAPP */,
				D104621C23097914002E593B /* TwitterAPIAPPTests */,
				D104622723097914002E593B /* TwitterAPIAPPUITests */,
			);
		};
/* End PBXProject section */

/* Begin PBXResourcesBuildPhase section */
		D104620723097912002E593B /* Resources */ = {
			isa = PBXResourcesBuildPhase;
			buildActionMask = 2147483647;
			files = (
				D104621723097914002E593B /* LaunchScreen.storyboard in Resources */,
				D104621423097914002E593B /* Assets.xcassets in Resources */,
				D104621223097912002E593B /* Main.storyboard in Resources */,
			);
			runOnlyForDeploymentPostprocessing = 0;
		};
		D104621B23097914002E593B /* Resources */ = {
			isa = PBXResourcesBuildPhase;
			buildActionMask = 2147483647;
			files = (
			);
			runOnlyForDeploymentPostprocessing = 0;
		};
		D104622623097914002E593B /* Resources */ = {
			isa = PBXResourcesBuildPhase;
			buildActionMask = 2147483647;
			files = (
			);
			runOnlyForDeploymentPostprocessing = 0;
		};
/* End PBXResourcesBuildPhase section */

/* Begin PBXSourcesBuildPhase section */
		D104620523097912002E593B /* Sources */ = {
			isa = PBXSourcesBuildPhase;
			buildActionMask = 2147483647;
			files = (
				D104620F23097912002E593B /* ViewController.swift in Sources */,
				D104620D23097912002E593B /* AppDelegate.swift in Sources */,
			);
			runOnlyForDeploymentPostprocessing = 0;
		};
		D104621923097914002E593B /* Sources */ = {
			isa = PBXSourcesBuildPhase;
			buildActionMask = 2147483647;
			files = (
				D104622223097914002E593B /* TwitterAPIAPPTests.swift in Sources */,
			);
			runOnlyForDeploymentPostprocessing = 0;
		};
		D104622423097914002E593B /* Sources */ = {
			isa = PBXSourcesBuildPhase;
			buildActionMask = 2147483647;
			files = (
				D104622D23097914002E593B /* TwitterAPIAPPUITests.swift in Sources */,
			);
			runOnlyForDeploymentPostprocessing = 0;
		};
/* End PBXSourcesBuildPhase section */

/* Begin PBXTargetDependency section */
		D104621F23097914002E593B /* PBXTargetDependency */ = {
			isa = PBXTargetDependency;
			target = D104620823097912002E593B /* TwitterAPIAPP */;
			targetProxy = D104621E23097914002E593B /* PBXContainerItemProxy */;
		};
		D104622A23097914002E593B /* PBXTargetDependency */ = {
			isa = PBXTargetDependency;
			target = D104620823097912002E593B /* TwitterAPIAPP */;
			targetProxy = D104622923097914002E593B /* PBXContainerItemProxy */;
		};
/* End PBXTargetDependency section */

/* Begin PBXVariantGroup section */
		D104621023097912002E593B /* Main.storyboard */ = {
			isa = PBXVariantGroup;
			children = (
				D104621123097912002E593B /* Base */,
			);
			name = Main.storyboard;
			sourceTree = "<group>";
		};
		D104621523097914002E593B /* LaunchScreen.storyboard */ = {
			isa = PBXVariantGroup;
			children = (
				D104621623097914002E593B /* Base */,
			);
			name = LaunchScreen.storyboard;
			sourceTree = "<group>";
		};
/* End PBXVariantGroup section */

/* Begin XCBuildConfiguration section */
		D104622F23097914002E593B /* Debug */ = {
			isa = XCBuildConfiguration;
			buildSettings = {
				ALWAYS_SEARCH_USER_PATHS = NO;
				CLANG_ANALYZER_NONNULL = YES;
				CLANG_ANALYZER_NUMBER_OBJECT_CONVERSION = YES_AGGRESSIVE;
				CLANG_CXX_LANGUAGE_STANDARD = "gnu++14";
				CLANG_CXX_LIBRARY = "libc++";
				CLANG_ENABLE_MODULES = YES;
				CLANG_ENABLE_OBJC_ARC = YES;
				CLANG_ENABLE_OBJC_WEAK = YES;
				CLANG_WARN_BLOCK_CAPTURE_AUTORELEASING = YES;
				CLANG_WARN_BOOL_CONVERSION = YES;
				CLANG_WARN_COMMA = YES;
				CLANG_WARN_CONSTANT_CONVERSION = YES;
				CLANG_WARN_DEPRECATED_OBJC_IMPLEMENTATIONS = YES;
				CLANG_WARN_DIRECT_OBJC_ISA_USAGE = YES_ERROR;
				CLANG_WARN_DOCUMENTATION_COMMENTS = YES;
				CLANG_WARN_EMPTY_BODY = YES;
				CLANG_WARN_ENUM_CONVERSION = YES;
				CLANG_WARN_INFINITE_RECURSION = YES;
				CLANG_WARN_INT_CONVERSION = YES;
				CLANG_WARN_NON_LITERAL_NULL_CONVERSION = YES;
				CLANG_WARN_OBJC_IMPLICIT_RETAIN_SELF = YES;
				CLANG_WARN_OBJC_LITERAL_CONVERSION = YES;
				CLANG_WARN_OBJC_ROOT_CLASS = YES_ERROR;
				CLANG_WARN_RANGE_LOOP_ANALYSIS = YES;
				CLANG_WARN_STRICT_PROTOTYPES = YES;
				CLANG_WARN_SUSPICIOUS_MOVE = YES;
				CLANG_WARN_UNGUARDED_AVAILABILITY = YES_AGGRESSIVE;
				CLANG_WARN_UNREACHABLE_CODE = YES;
				CLANG_WARN__DUPLICATE_METHOD_MATCH = YES;
				CODE_SIGN_IDENTITY = "iPhone Developer";
				COPY_PHASE_STRIP = NO;
				DEBUG_INFORMATION_FORMAT = dwarf;
				ENABLE_STRICT_OBJC_MSGSEND = YES;
				ENABLE_TESTABILITY = YES;
				GCC_C_LANGUAGE_STANDARD = gnu11;
				GCC_DYNAMIC_NO_PIC = NO;
				GCC_NO_COMMON_BLOCKS = YES;
				GCC_OPTIMIZATION_LEVEL = 0;
				GCC_PREPROCESSOR_DEFINITIONS = (
					"DEBUG=1",
					"$(inherited)",
				);
				GCC_WARN_64_TO_32_BIT_CONVERSION = YES;
				GCC_WARN_ABOUT_RETURN_TYPE = YES_ERROR;
				GCC_WARN_UNDECLARED_SELECTOR = YES;
				GCC_WARN_UNINITIALIZED_AUTOS = YES_AGGRESSIVE;
				GCC_WARN_UNUSED_FUNCTION = YES;
				GCC_WARN_UNUSED_VARIABLE = YES;
				IPHONEOS_DEPLOYMENT_TARGET = 12.4;
				MTL_ENABLE_DEBUG_INFO = INCLUDE_SOURCE;
				MTL_FAST_MATH = YES;
				ONLY_ACTIVE_ARCH = YES;
				SDKROOT = iphoneos;
				SWIFT_ACTIVE_COMPILATION_CONDITIONS = DEBUG;
				SWIFT_OPTIMIZATION_LEVEL = "-Onone";
			};
			name = Debug;
		};
		D104623023097914002E593B /* Release */ = {
			isa = XCBuildConfiguration;
			buildSettings = {
				ALWAYS_SEARCH_USER_PATHS = NO;
				CLANG_ANALYZER_NONNULL = YES;
				CLANG_ANALYZER_NUMBER_OBJECT_CONVERSION = YES_AGGRESSIVE;
				CLANG_CXX_LANGUAGE_STANDARD = "gnu++14";
				CLANG_CXX_LIBRARY = "libc++";
				CLANG_ENABLE_MODULES = YES;
				CLANG_ENABLE_OBJC_ARC = YES;
				CLANG_ENABLE_OBJC_WEAK = YES;
				CLANG_WARN_BLOCK_CAPTURE_AUTORELEASING = YES;
				CLANG_WARN_BOOL_CONVERSION = YES;
				CLANG_WARN_COMMA = YES;
				CLANG_WARN_CONSTANT_CONVERSION = YES;
				CLANG_WARN_DEPRECATED_OBJC_IMPLEMENTATIONS = YES;
				CLANG_WARN_DIRECT_OBJC_ISA_USAGE = YES_ERROR;
				CLANG_WARN_DOCUMENTATION_COMMENTS = YES;
				CLANG_WARN_EMPTY_BODY = YES;
				CLANG_WARN_ENUM_CONVERSION = YES;
				CLANG_WARN_INFINITE_RECURSION = YES;
				CLANG_WARN_INT_CONVERSION = YES;
				CLANG_WARN_NON_LITERAL_NULL_CONVERSION = YES;
				CLANG_WARN_OBJC_IMPLICIT_RETAIN_SELF = YES;
				CLANG_WARN_OBJC_LITERAL_CONVERSION = YES;
				CLANG_WARN_OBJC_ROOT_CLASS = YES_ERROR;
				CLANG_WARN_RANGE_LOOP_ANALYSIS = YES;
				CLANG_WARN_STRICT_PROTOTYPES = YES;
				CLANG_WARN_SUSPICIOUS_MOVE = YES;
				CLANG_WARN_UNGUARDED_AVAILABILITY = YES_AGGRESSIVE;
				CLANG_WARN_UNREACHABLE_CODE = YES;
				CLANG_WARN__DUPLICATE_METHOD_MATCH = YES;
				CODE_SIGN_IDENTITY = "iPhone Developer";
				COPY_PHASE_STRIP = NO;
				DEBUG_INFORMATION_FORMAT = "dwarf-with-dsym";
				ENABLE_NS_ASSERTIONS = NO;
				ENABLE_STRICT_OBJC_MSGSEND = YES;
				GCC_C_LANGUAGE_STANDARD = gnu11;
				GCC_NO_COMMON_BLOCKS = YES;
				GCC_WARN_64_TO_32_BIT_CONVERSION = YES;
				GCC_WARN_ABOUT_RETURN_TYPE = YES_ERROR;
				GCC_WARN_UNDECLARED_SELECTOR = YES;
				GCC_WARN_UNINITIALIZED_AUTOS = YES_AGGRESSIVE;
				GCC_WARN_UNUSED_FUNCTION = YES;
				GCC_WARN_UNUSED_VARIABLE = YES;
				IPHONEOS_DEPLOYMENT_TARGET = 12.4;
				MTL_ENABLE_DEBUG_INFO = NO;
				MTL_FAST_MATH = YES;
				SDKROOT = iphoneos;
				SWIFT_COMPILATION_MODE = wholemodule;
				SWIFT_OPTIMIZATION_LEVEL = "-O";
				VALIDATE_PRODUCT = YES;
			};
			name = Release;
		};
		D104623223097914002E593B /* Debug */ = {
			isa = XCBuildConfiguration;
			buildSettings = {
				ASSETCATALOG_COMPILER_APPICON_NAME = AppIcon;
				CODE_SIGN_STYLE = Automatic;
				DEVELOPMENT_TEAM = ADMQ4FDVPY;
				INFOPLIST_FILE = TwitterAPIAPP/Info.plist;
				LD_RUNPATH_SEARCH_PATHS = (
					"$(inherited)",
					"@executable_path/Frameworks",
				);
				PRODUCT_BUNDLE_IDENTIFIER = com.yushi.TwitterAPIAPP;
				PRODUCT_NAME = "$(TARGET_NAME)";
				SWIFT_VERSION = 5.0;
				TARGETED_DEVICE_FAMILY = "1,2";
			};
			name = Debug;
		};
		D104623323097914002E593B /* Release */ = {
			isa = XCBuildConfiguration;
			buildSettings = {
				ASSETCATALOG_COMPILER_APPICON_NAME = AppIcon;
				CODE_SIGN_STYLE = Automatic;
				DEVELOPMENT_TEAM = ADMQ4FDVPY;
				INFOPLIST_FILE = TwitterAPIAPP/Info.plist;
				LD_RUNPATH_SEARCH_PATHS = (
					"$(inherited)",
					"@executable_path/Frameworks",
				);
				PRODUCT_BUNDLE_IDENTIFIER = com.yushi.TwitterAPIAPP;
				PRODUCT_NAME = "$(TARGET_NAME)";
				SWIFT_VERSION = 5.0;
				TARGETED_DEVICE_FAMILY = "1,2";
			};
			name = Release;
		};
		D104623523097914002E593B /* Debug */ = {
			isa = XCBuildConfiguration;
			buildSettings = {
				ALWAYS_EMBED_SWIFT_STANDARD_LIBRARIES = YES;
				BUNDLE_LOADER = "$(TEST_HOST)";
				CODE_SIGN_STYLE = Automatic;
				DEVELOPMENT_TEAM = ADMQ4FDVPY;
				INFOPLIST_FILE = TwitterAPIAPPTests/Info.plist;
				LD_RUNPATH_SEARCH_PATHS = (
					"$(inherited)",
					"@executable_path/Frameworks",
					"@loader_path/Frameworks",
				);
				PRODUCT_BUNDLE_IDENTIFIER = com.yushi.TwitterAPIAPPTests;
				PRODUCT_NAME = "$(TARGET_NAME)";
				SWIFT_VERSION = 5.0;
				TARGETED_DEVICE_FAMILY = "1,2";
				TEST_HOST = "$(BUILT_PRODUCTS_DIR)/TwitterAPIAPP.app/TwitterAPIAPP";
			};
			name = Debug;
		};
		D104623623097914002E593B /* Release */ = {
			isa = XCBuildConfiguration;
			buildSettings = {
				ALWAYS_EMBED_SWIFT_STANDARD_LIBRARIES = YES;
				BUNDLE_LOADER = "$(TEST_HOST)";
				CODE_SIGN_STYLE = Automatic;
				DEVELOPMENT_TEAM = ADMQ4FDVPY;
				INFOPLIST_FILE = TwitterAPIAPPTests/Info.plist;
				LD_RUNPATH_SEARCH_PATHS = (
					"$(inherited)",
					"@executable_path/Frameworks",
					"@loader_path/Frameworks",
				);
				PRODUCT_BUNDLE_IDENTIFIER = com.yushi.TwitterAPIAPPTests;
				PRODUCT_NAME = "$(TARGET_NAME)";
				SWIFT_VERSION = 5.0;
				TARGETED_DEVICE_FAMILY = "1,2";
				TEST_HOST = "$(BUILT_PRODUCTS_DIR)/TwitterAPIAPP.app/TwitterAPIAPP";
			};
			name = Release;
		};
		D104623823097914002E593B /* Debug */ = {
			isa = XCBuildConfiguration;
			buildSettings = {
				ALWAYS_EMBED_SWIFT_STANDARD_LIBRARIES = YES;
				CODE_SIGN_STYLE = Automatic;
				DEVELOPMENT_TEAM = ADMQ4FDVPY;
				INFOPLIST_FILE = TwitterAPIAPPUITests/Info.plist;
				LD_RUNPATH_SEARCH_PATHS = (
					"$(inherited)",
					"@executable_path/Frameworks",
					"@loader_path/Frameworks",
				);
				PRODUCT_BUNDLE_IDENTIFIER = com.yushi.TwitterAPIAPPUITests;
				PRODUCT_NAME = "$(TARGET_NAME)";
				SWIFT_VERSION = 5.0;
				TARGETED_DEVICE_FAMILY = "1,2";
				TEST_TARGET_NAME = TwitterAPIAPP;
			};
			name = Debug;
		};
		D104623923097914002E593B /* Release */ = {
			isa = XCBuildConfiguration;
			buildSettings = {
				ALWAYS_EMBED_SWIFT_STANDARD_LIBRARIES = YES;
				CODE_SIGN_STYLE = Automatic;
				DEVELOPMENT_TEAM = ADMQ4FDVPY;
				INFOPLIST_FILE = TwitterAPIAPPUITests/Info.plist;
				LD_RUNPATH_SEARCH_PATHS = (
					"$(inherited)",
					"@executable_path/Frameworks",
					"@loader_path/Frameworks",
				);
				PRODUCT_BUNDLE_IDENTIFIER = com.yushi.TwitterAPIAPPUITests;
				PRODUCT_NAME = "$(TARGET_NAME)";
				SWIFT_VERSION = 5.0;
				TARGETED_DEVICE_FAMILY = "1,2";
				TEST_TARGET_NAME = TwitterAPIAPP;
			};
			name = Release;
		};
/* End XCBuildConfiguration section */

/* Begin XCConfigurationList section */
		D104620423097912002E593B /* Build configuration list for PBXProject "TwitterAPIAPP" */ = {
			isa = XCConfigurationList;
			buildConfigurations = (
				D104622F23097914002E593B /* Debug */,
				D104623023097914002E593B /* Release */,
			);
			defaultConfigurationIsVisible = 0;
			defaultConfigurationName = Release;
		};
		D104623123097914002E593B /* Build configuration list for PBXNativeTarget "TwitterAPIAPP" */ = {
			isa = XCConfigurationList;
			buildConfigurations = (
				D104623223097914002E593B /* Debug */,
				D104623323097914002E593B /* Release */,
			);
			defaultConfigurationIsVisible = 0;
			defaultConfigurationName = Release;
		};
		D104623423097914002E593B /* Build configuration list for PBXNativeTarget "TwitterAPIAPPTests" */ = {
			isa = XCConfigurationList;
			buildConfigurations = (
				D104623523097914002E593B /* Debug */,
				D104623623097914002E593B /* Release */,
			);
			defaultConfigurationIsVisible = 0;
			defaultConfigurationName = Release;
		};
		D104623723097914002E593B /* Build configuration list for PBXNativeTarget "TwitterAPIAPPUITests" */ = {
			isa = XCConfigurationList;
			buildConfigurations = (
				D104623823097914002E593B /* Debug */,
				D104623923097914002E593B /* Release */,
			);
			defaultConfigurationIsVisible = 0;
			defaultConfigurationName = Release;
		};
/* End XCConfigurationList section */
	};
	rootObject = D104620123097912002E593B /* Project object */;
}
